// !$*UTF8*$!
{
	archiveVersion = 1;
	classes = {
	};
	objectVersion = 50;
	objects = {

/* Begin PBXBuildFile section */
		18E83F712655488700887B30 /* AppDelegate.m in Sources */ = {isa = PBXBuildFile; fileRef = 18E83F702655488700887B30 /* AppDelegate.m */; };
		18E83F742655488700887B30 /* SceneDelegate.m in Sources */ = {isa = PBXBuildFile; fileRef = 18E83F732655488700887B30 /* SceneDelegate.m */; };
		18E83F772655488700887B30 /* ViewController.m in Sources */ = {isa = PBXBuildFile; fileRef = 18E83F762655488700887B30 /* ViewController.m */; };
		18E83F7A2655488700887B30 /* Main.storyboard in Resources */ = {isa = PBXBuildFile; fileRef = 18E83F782655488700887B30 /* Main.storyboard */; };
		18E83F7C2655488E00887B30 /* Assets.xcassets in Resources */ = {isa = PBXBuildFile; fileRef = 18E83F7B2655488E00887B30 /* Assets.xcassets */; };
		18E83F7F2655488E00887B30 /* LaunchScreen.storyboard in Resources */ = {isa = PBXBuildFile; fileRef = 18E83F7D2655488E00887B30 /* LaunchScreen.storyboard */; };
		18E83F822655488E00887B30 /* main.m in Sources */ = {isa = PBXBuildFile; fileRef = 18E83F812655488E00887B30 /* main.m */; };
		18E83F8A2655490B00887B30 /* YFDropdownMenu in Resources */ = {isa = PBXBuildFile; fileRef = 18E83F892655490B00887B30 /* YFDropdownMenu */; };
/* End PBXBuildFile section */

/* Begin PBXFileReference section */
		18E83F6C2655488700887B30 /* YFDropdownMenu.app */ = {isa = PBXFileReference; explicitFileType = wrapper.application; includeInIndex = 0; path = YFDropdownMenu.app; sourceTree = BUILT_PRODUCTS_DIR; };
		18E83F6F2655488700887B30 /* AppDelegate.h */ = {isa = PBXFileReference; lastKnownFileType = sourcecode.c.h; path = AppDelegate.h; sourceTree = "<group>"; };
		18E83F702655488700887B30 /* AppDelegate.m */ = {isa = PBXFileReference; lastKnownFileType = sourcecode.c.objc; path = AppDelegate.m; sourceTree = "<group>"; };
		18E83F722655488700887B30 /* SceneDelegate.h */ = {isa = PBXFileReference; lastKnownFileType = sourcecode.c.h; path = SceneDelegate.h; sourceTree = "<group>"; };
		18E83F732655488700887B30 /* SceneDelegate.m */ = {isa = PBXFileReference; lastKnownFileType = sourcecode.c.objc; path = SceneDelegate.m; sourceTree = "<group>"; };
		18E83F752655488700887B30 /* ViewController.h */ = {isa = PBXFileReference; lastKnownFileType = sourcecode.c.h; path = ViewController.h; sourceTree = "<group>"; };
		18E83F762655488700887B30 /* ViewController.m */ = {isa = PBXFileReference; lastKnownFileType = sourcecode.c.objc; path = ViewController.m; sourceTree = "<group>"; };
		18E83F792655488700887B30 /* Base */ = {isa = PBXFileReference; lastKnownFileType = file.storyboard; name = Base; path = Base.lproj/Main.storyboard; sourceTree = "<group>"; };
		18E83F7B2655488E00887B30 /* Assets.xcassets */ = {isa = PBXFileReference; lastKnownFileType = folder.assetcatalog; path = Assets.xcassets; sourceTree = "<group>"; };
		18E83F7E2655488E00887B30 /* Base */ = {isa = PBXFileReference; lastKnownFileType = file.storyboard; name = Base; path = Base.lproj/LaunchScreen.storyboard; sourceTree = "<group>"; };
		18E83F802655488E00887B30 /* Info.plist */ = {isa = PBXFileReference; lastKnownFileType = text.plist.xml; path = Info.plist; sourceTree = "<group>"; };
		18E83F812655488E00887B30 /* main.m */ = {isa = PBXFileReference; lastKnownFileType = sourcecode.c.objc; path = main.m; sourceTree = "<group>"; };
		18E83F892655490B00887B30 /* YFDropdownMenu */ = {isa = PBXFileReference; lastKnownFileType = folder; name = YFDropdownMenu; path = ../../YFDropdownMenu; sourceTree = "<group>"; };
/* End PBXFileReference section */

/* Begin PBXFrameworksBuildPhase section */
		18E83F692655488700887B30 /* Frameworks */ = {
			isa = PBXFrameworksBuildPhase;
			buildActionMask = 2147483647;
			files = (
			);
			runOnlyForDeploymentPostprocessing = 0;
		};
/* End PBXFrameworksBuildPhase section */

/* Begin PBXGroup section */
		18E83F632655488700887B30 = {
			isa = PBXGroup;
			children = (
				18E83F6E2655488700887B30 /* YFDropdownMenu */,
				18E83F6D2655488700887B30 /* Products */,
			);
			sourceTree = "<group>";
		};
		18E83F6D2655488700887B30 /* Products */ = {
			isa = PBXGroup;
			children = (
				18E83F6C2655488700887B30 /* YFDropdownMenu.app */,
			);
			name = Products;
			sourceTree = "<group>";
		};
		18E83F6E2655488700887B30 /* YFDropdownMenu */ = {
			isa = PBXGroup;
			children = (
				18E83F6F2655488700887B30 /* AppDelegate.h */,
				18E83F702655488700887B30 /* AppDelegate.m */,
				18E83F722655488700887B30 /* SceneDelegate.h */,
				18E83F732655488700887B30 /* SceneDelegate.m */,
				18E83F752655488700887B30 /* ViewController.h */,
				18E83F762655488700887B30 /* ViewController.m */,
				18E83F892655490B00887B30 /* YFDropdownMenu */,
				18E83F782655488700887B30 /* Main.storyboard */,
				18E83F7B2655488E00887B30 /* Assets.xcassets */,
				18E83F7D2655488E00887B30 /* LaunchScreen.storyboard */,
				18E83F802655488E00887B30 /* Info.plist */,
				18E83F812655488E00887B30 /* main.m */,
			);
			path = YFDropdownMenu;
			sourceTree = "<group>";
		};
/* End PBXGroup section */

/* Begin PBXNativeTarget section */
		18E83F6B2655488700887B30 /* YFDropdownMenu */ = {
			isa = PBXNativeTarget;
			buildConfigurationList = 18E83F852655488E00887B30 /* Build configuration list for PBXNativeTarget "YFDropdownMenu" */;
			buildPhases = (
				18E83F682655488700887B30 /* Sources */,
				18E83F692655488700887B30 /* Frameworks */,
				18E83F6A2655488700887B30 /* Resources */,
			);
			buildRules = (
			);
			dependencies = (
			);
			name = YFDropdownMenu;
			productName = YFDropdownMenu;
			productReference = 18E83F6C2655488700887B30 /* YFDropdownMenu.app */;
			productType = "com.apple.product-type.application";
		};
/* End PBXNativeTarget section */

/* Begin PBXProject section */
		18E83F642655488700887B30 /* Project object */ = {
			isa = PBXProject;
			attributes = {
				LastUpgradeCheck = 1240;
				TargetAttributes = {
					18E83F6B2655488700887B30 = {
						CreatedOnToolsVersion = 12.4;
					};
				};
			};
			buildConfigurationList = 18E83F672655488700887B30 /* Build configuration list for PBXProject "YFDropdownMenu" */;
			compatibilityVersion = "Xcode 9.3";
			developmentRegion = en;
			hasScannedForEncodings = 0;
			knownRegions = (
				en,
				Base,
			);
			mainGroup = 18E83F632655488700887B30;
			productRefGroup = 18E83F6D2655488700887B30 /* Products */;
			projectDirPath = "";
			projectRoot = "";
			targets = (
				18E83F6B2655488700887B30 /* YFDropdownMenu */,
			);
		};
/* End PBXProject section */

/* Begin PBXResourcesBuildPhase section */
		18E83F6A2655488700887B30 /* Resources */ = {
			isa = PBXResourcesBuildPhase;
			buildActionMask = 2147483647;
			files = (
				18E83F7F2655488E00887B30 /* LaunchScreen.storyboard in Resources */,
				18E83F7C2655488E00887B30 /* Assets.xcassets in Resources */,
				18E83F7A2655488700887B30 /* Main.storyboard in Resources */,
				18E83F8A2655490B00887B30 /* YFDropdownMenu in Resources */,
			);
			runOnlyForDeploymentPostprocessing = 0;
		};
/* End PBXResourcesBuildPhase section */

/* Begin PBXSourcesBuildPhase section */
		18E83F682655488700887B30 /* Sources */ = {
			isa = PBXSourcesBuildPhase;
			buildActionMask = 2147483647;
			files = (
				18E83F772655488700887B30 /* ViewController.m in Sources */,
				18E83F712655488700887B30 /* AppDelegate.m in Sources */,
				18E83F822655488E00887B30 /* main.m in Sources */,
				18E83F742655488700887B30 /* SceneDelegate.m in Sources */,
			);
			runOnlyForDeploymentPostprocessing = 0;
		};
/* End PBXSourcesBuildPhase section */

/* Begin PBXVariantGroup section */
		18E83F782655488700887B30 /* Main.storyboard */ = {
			isa = PBXVariantGroup;
			children = (
				18E83F792655488700887B30 /* Base */,
			);
			name = Main.storyboard;
			sourceTree = "<group>";
		};
		18E83F7D2655488E00887B30 /* LaunchScreen.storyboard */ = {
			isa = PBXVariantGroup;
			children = (
				18E83F7E2655488E00887B30 /* Base */,
			);
			name = LaunchScreen.storyboard;
			sourceTree = "<group>";
		};
/* End PBXVariantGroup section */

/* Begin XCBuildConfiguration section */
		18E83F832655488E00887B30 /* Debug */ = {
			isa = XCBuildConfiguration;
			buildSettings = {
				ALWAYS_SEARCH_USER_PATHS = NO;
				CLANG_ANALYZER_NONNULL = YES;
				CLANG_ANALYZER_NUMBER_OBJECT_CONVERSION = YES_AGGRESSIVE;
				CLANG_CXX_LANGUAGE_STANDARD = "gnu++14";
				CLANG_CXX_LIBRARY = "libc++";
				CLANG_ENABLE_MODULES = YES;
				CLANG_ENABLE_OBJC_ARC = YES;
				CLANG_ENABLE_OBJC_WEAK = YES;
				CLANG_WARN_BLOCK_CAPTURE_AUTORELEASING = YES;
				CLANG_WARN_BOOL_CONVERSION = YES;
				CLANG_WARN_COMMA = YES;
				CLANG_WARN_CONSTANT_CONVERSION = YES;
				CLANG_WARN_DEPRECATED_OBJC_IMPLEMENTATIONS = YES;
				CLANG_WARN_DIRECT_OBJC_ISA_USAGE = YES_ERROR;
				CLANG_WARN_DOCUMENTATION_COMMENTS = YES;
				CLANG_WARN_EMPTY_BODY = YES;
				CLANG_WARN_ENUM_CONVERSION = YES;
				CLANG_WARN_INFINITE_RECURSION = YES;
				CLANG_WARN_INT_CONVERSION = YES;
				CLANG_WARN_NON_LITERAL_NULL_CONVERSION = YES;
				CLANG_WARN_OBJC_IMPLICIT_RETAIN_SELF = YES;
				CLANG_WARN_OBJC_LITERAL_CONVERSION = YES;
				CLANG_WARN_OBJC_ROOT_CLASS = YES_ERROR;
				CLANG_WARN_QUOTED_INCLUDE_IN_FRAMEWORK_HEADER = YES;
				CLANG_WARN_RANGE_LOOP_ANALYSIS = YES;
				CLANG_WARN_STRICT_PROTOTYPES = YES;
				CLANG_WARN_SUSPICIOUS_MOVE = YES;
				CLANG_WARN_UNGUARDED_AVAILABILITY = YES_AGGRESSIVE;
				CLANG_WARN_UNREACHABLE_CODE = YES;
				CLANG_WARN__DUPLICATE_METHOD_MATCH = YES;
				COPY_PHASE_STRIP = NO;
				DEBUG_INFORMATION_FORMAT = dwarf;
				ENABLE_STRICT_OBJC_MSGSEND = YES;
				ENABLE_TESTABILITY = YES;
				GCC_C_LANGUAGE_STANDARD = gnu11;
				GCC_DYNAMIC_NO_PIC = NO;
				GCC_NO_COMMON_BLOCKS = YES;
				GCC_OPTIMIZATION_LEVEL = 0;
				GCC_PREPROCESSOR_DEFINITIONS = (
					"DEBUG=1",
					"$(inherited)",
				);
				GCC_WARN_64_TO_32_BIT_CONVERSION = YES;
				GCC_WARN_ABOUT_RETURN_TYPE = YES_ERROR;
				GCC_WARN_UNDECLARED_SELECTOR = YES;
				GCC_WARN_UNINITIALIZED_AUTOS = YES_AGGRESSIVE;
				GCC_WARN_UNUSED_FUNCTION = YES;
				GCC_WARN_UNUSED_VARIABLE = YES;
				IPHONEOS_DEPLOYMENT_TARGET = 14.4;
				MTL_ENABLE_DEBUG_INFO = INCLUDE_SOURCE;
				MTL_FAST_MATH = YES;
				ONLY_ACTIVE_ARCH = YES;
				SDKROOT = iphoneos;
			};
			name = Debug;
		};
		18E83F842655488E00887B30 /* Release */ = {
			isa = XCBuildConfiguration;
			buildSettings = {
				ALWAYS_SEARCH_USER_PATHS = NO;
				CLANG_ANALYZER_NONNULL = YES;
				CLANG_ANALYZER_NUMBER_OBJECT_CONVERSION = YES_AGGRESSIVE;
				CLANG_CXX_LANGUAGE_STANDARD = "gnu++14";
				CLANG_CXX_LIBRARY = "libc++";
				CLANG_ENABLE_MODULES = YES;
				CLANG_ENABLE_OBJC_ARC = YES;
				CLANG_ENABLE_OBJC_WEAK = YES;
				CLANG_WARN_BLOCK_CAPTURE_AUTORELEASING = YES;
				CLANG_WARN_BOOL_CONVERSION = YES;
				CLANG_WARN_COMMA = YES;
				CLANG_WARN_CONSTANT_CONVERSION = YES;
				CLANG_WARN_DEPRECATED_OBJC_IMPLEMENTATIONS = YES;
				CLANG_WARN_DIRECT_OBJC_ISA_USAGE = YES_ERROR;
				CLANG_WARN_DOCUMENTATION_COMMENTS = YES;
				CLANG_WARN_EMPTY_BODY = YES;
				CLANG_WARN_ENUM_CONVERSION = YES;
				CLANG_WARN_INFINITE_RECURSION = YES;
				CLANG_WARN_INT_CONVERSION = YES;
				CLANG_WARN_NON_LITERAL_NULL_CONVERSION = YES;
				CLANG_WARN_OBJC_IMPLICIT_RETAIN_SELF = YES;
				CLANG_WARN_OBJC_LITERAL_CONVERSION = YES;
				CLANG_WARN_OBJC_ROOT_CLASS = YES_ERROR;
				CLANG_WARN_QUOTED_INCLUDE_IN_FRAMEWORK_HEADER = YES;
				CLANG_WARN_RANGE_LOOP_ANALYSIS = YES;
				CLANG_WARN_STRICT_PROTOTYPES = YES;
				CLANG_WARN_SUSPICIOUS_MOVE = YES;
				CLANG_WARN_UNGUARDED_AVAILABILITY = YES_AGGRESSIVE;
				CLANG_WARN_UNREACHABLE_CODE = YES;
				CLANG_WARN__DUPLICATE_METHOD_MATCH = YES;
				COPY_PHASE_STRIP = NO;
				DEBUG_INFORMATION_FORMAT = "dwarf-with-dsym";
				ENABLE_NS_ASSERTIONS = NO;
				ENABLE_STRICT_OBJC_MSGSEND = YES;
				GCC_C_LANGUAGE_STANDARD = gnu11;
				GCC_NO_COMMON_BLOCKS = YES;
				GCC_WARN_64_TO_32_BIT_CONVERSION = YES;
				GCC_WARN_ABOUT_RETURN_TYPE = YES_ERROR;
				GCC_WARN_UNDECLARED_SELECTOR = YES;
				GCC_WARN_UNINITIALIZED_AUTOS = YES_AGGRESSIVE;
				GCC_WARN_UNUSED_FUNCTION = YES;
				GCC_WARN_UNUSED_VARIABLE = YES;
				IPHONEOS_DEPLOYMENT_TARGET = 14.4;
				MTL_ENABLE_DEBUG_INFO = NO;
				MTL_FAST_MATH = YES;
				SDKROOT = iphoneos;
				VALIDATE_PRODUCT = YES;
			};
			name = Release;
		};
		18E83F862655488E00887B30 /* Debug */ = {
			isa = XCBuildConfiguration;
			buildSettings = {
				ASSETCATALOG_COMPILER_APPICON_NAME = AppIcon;
				ASSETCATALOG_COMPILER_GLOBAL_ACCENT_COLOR_NAME = AccentColor;
				CODE_SIGN_STYLE = Automatic;
				INFOPLIST_FILE = YFDropdownMenu/Info.plist;
				LD_RUNPATH_SEARCH_PATHS = (
					"$(inherited)",
					"@executable_path/Frameworks",
				);
				PRODUCT_BUNDLE_IDENTIFIER = com.BigShow.YFDropdownMenu;
				PRODUCT_NAME = "$(TARGET_NAME)";
				TARGETED_DEVICE_FAMILY = "1,2";
			};
			name = Debug;
		};
		18E83F872655488E00887B30 /* Release */ = {
			isa = XCBuildConfiguration;
			buildSettings = {
				ASSETCATALOG_COMPILER_APPICON_NAME = AppIcon;
				ASSETCATALOG_COMPILER_GLOBAL_ACCENT_COLOR_NAME = AccentColor;
				CODE_SIGN_STYLE = Automatic;
				INFOPLIST_FILE = YFDropdownMenu/Info.plist;
				LD_RUNPATH_SEARCH_PATHS = (
					"$(inherited)",
					"@executable_path/Frameworks",
				);
				PRODUCT_BUNDLE_IDENTIFIER = com.BigShow.YFDropdownMenu;
				PRODUCT_NAME = "$(TARGET_NAME)";
				TARGETED_DEVICE_FAMILY = "1,2";
			};
			name = Release;
		};
/* End XCBuildConfiguration section */

/* Begin XCConfigurationList section */
		18E83F672655488700887B30 /* Build configuration list for PBXProject "YFDropdownMenu" */ = {
			isa = XCConfigurationList;
			buildConfigurations = (
				18E83F832655488E00887B30 /* Debug */,
				18E83F842655488E00887B30 /* Release */,
			);
			defaultConfigurationIsVisible = 0;
			defaultConfigurationName = Release;
		};
		18E83F852655488E00887B30 /* Build configuration list for PBXNativeTarget "YFDropdownMenu" */ = {
			isa = XCConfigurationList;
			buildConfigurations = (
				18E83F862655488E00887B30 /* Debug */,
				18E83F872655488E00887B30 /* Release */,
			);
			defaultConfigurationIsVisible = 0;
			defaultConfigurationName = Release;
		};
/* End XCConfigurationList section */
	};
	rootObject = 18E83F642655488700887B30 /* Project object */;
}
