// !$*UTF8*$!
{
	archiveVersion = 1;
	classes = {
	};
	objectVersion = 46;
	objects = {

/* Begin PBXBuildFile section */
		5DE8EC489396F48BC3733212 /* Pods_YFDropdownMenu_Tests.framework in Frameworks */ = {isa = PBXBuildFile; fileRef = BF729CF21C8E94FC940ABBA8 /* Pods_YFDropdownMenu_Tests.framework */; };
		6003F58E195388D20070C39A /* Foundation.framework in Frameworks */ = {isa = PBXBuildFile; fileRef = 6003F58D195388D20070C39A /* Foundation.framework */; };
		6003F590195388D20070C39A /* CoreGraphics.framework in Frameworks */ = {isa = PBXBuildFile; fileRef = 6003F58F195388D20070C39A /* CoreGraphics.framework */; };
		6003F592195388D20070C39A /* UIKit.framework in Frameworks */ = {isa = PBXBuildFile; fileRef = 6003F591195388D20070C39A /* UIKit.framework */; };
		6003F598195388D20070C39A /* InfoPlist.strings in Resources */ = {isa = PBXBuildFile; fileRef = 6003F596195388D20070C39A /* InfoPlist.strings */; };
		6003F59A195388D20070C39A /* main.m in Sources */ = {isa = PBXBuildFile; fileRef = 6003F599195388D20070C39A /* main.m */; };
		6003F59E195388D20070C39A /* YFAppDelegate.m in Sources */ = {isa = PBXBuildFile; fileRef = 6003F59D195388D20070C39A /* YFAppDelegate.m */; };
		6003F5A7195388D20070C39A /* YFViewController.m in Sources */ = {isa = PBXBuildFile; fileRef = 6003F5A6195388D20070C39A /* YFViewController.m */; };
		6003F5A9195388D20070C39A /* Images.xcassets in Resources */ = {isa = PBXBuildFile; fileRef = 6003F5A8195388D20070C39A /* Images.xcassets */; };
		6003F5B0195388D20070C39A /* XCTest.framework in Frameworks */ = {isa = PBXBuildFile; fileRef = 6003F5AF195388D20070C39A /* XCTest.framework */; };
		6003F5B1195388D20070C39A /* Foundation.framework in Frameworks */ = {isa = PBXBuildFile; fileRef = 6003F58D195388D20070C39A /* Foundation.framework */; };
		6003F5B2195388D20070C39A /* UIKit.framework in Frameworks */ = {isa = PBXBuildFile; fileRef = 6003F591195388D20070C39A /* UIKit.framework */; };
		6003F5BA195388D20070C39A /* InfoPlist.strings in Resources */ = {isa = PBXBuildFile; fileRef = 6003F5B8195388D20070C39A /* InfoPlist.strings */; };
		6003F5BC195388D20070C39A /* Tests.m in Sources */ = {isa = PBXBuildFile; fileRef = 6003F5BB195388D20070C39A /* Tests.m */; };
		71719F9F1E33DC2100824A3D /* LaunchScreen.storyboard in Resources */ = {isa = PBXBuildFile; fileRef = 71719F9D1E33DC2100824A3D /* LaunchScreen.storyboard */; };
		C288F08D265F36D600AABB2D /* Main.storyboard in Resources */ = {isa = PBXBuildFile; fileRef = C288F08C265F36D600AABB2D /* Main.storyboard */; };
		C288F0BD265F36DF00AABB2D /* NSLayoutConstraint+MASDebugAdditions.m in Sources */ = {isa = PBXBuildFile; fileRef = C288F092265F36DE00AABB2D /* NSLayoutConstraint+MASDebugAdditions.m */; };
		C288F0BE265F36DF00AABB2D /* ViewController+MASAdditions.m in Sources */ = {isa = PBXBuildFile; fileRef = C288F09B265F36DE00AABB2D /* ViewController+MASAdditions.m */; };
		C288F0BF265F36DF00AABB2D /* MASCompositeConstraint.m in Sources */ = {isa = PBXBuildFile; fileRef = C288F09F265F36DE00AABB2D /* MASCompositeConstraint.m */; };
		C288F0C0265F36DF00AABB2D /* MASConstraintMaker.m in Sources */ = {isa = PBXBuildFile; fileRef = C288F0A0265F36DE00AABB2D /* MASConstraintMaker.m */; };
		C288F0C1265F36DF00AABB2D /* MASLayoutConstraint.m in Sources */ = {isa = PBXBuildFile; fileRef = C288F0A1265F36DE00AABB2D /* MASLayoutConstraint.m */; };
		C288F0C2265F36DF00AABB2D /* NSArray+MASAdditions.m in Sources */ = {isa = PBXBuildFile; fileRef = C288F0A2265F36DE00AABB2D /* NSArray+MASAdditions.m */; };
		C288F0C3265F36DF00AABB2D /* View+MASAdditions.m in Sources */ = {isa = PBXBuildFile; fileRef = C288F0A3265F36DE00AABB2D /* View+MASAdditions.m */; };
		C288F0C4265F36DF00AABB2D /* MASConstraint.m in Sources */ = {isa = PBXBuildFile; fileRef = C288F0A6265F36DE00AABB2D /* MASConstraint.m */; };
		C288F0C5265F36DF00AABB2D /* MASViewConstraint.m in Sources */ = {isa = PBXBuildFile; fileRef = C288F0A8265F36DE00AABB2D /* MASViewConstraint.m */; };
		C288F0C6265F36DF00AABB2D /* MASViewAttribute.m in Sources */ = {isa = PBXBuildFile; fileRef = C288F0A9265F36DE00AABB2D /* MASViewAttribute.m */; };
		C288F0C7265F36DF00AABB2D /* ViewController.m in Sources */ = {isa = PBXBuildFile; fileRef = C288F0AC265F36DF00AABB2D /* ViewController.m */; };
		C288F0C8265F36DF00AABB2D /* AppDelegate.m in Sources */ = {isa = PBXBuildFile; fileRef = C288F0AD265F36DF00AABB2D /* AppDelegate.m */; };
		C288F0C9265F36DF00AABB2D /* Demo-BaseVC.m in Sources */ = {isa = PBXBuildFile; fileRef = C288F0B0265F36DF00AABB2D /* Demo-BaseVC.m */; };
		C288F0CA265F36DF00AABB2D /* Demo-StoryboardVC.m in Sources */ = {isa = PBXBuildFile; fileRef = C288F0B4265F36DF00AABB2D /* Demo-StoryboardVC.m */; };
		C288F0CB265F36DF00AABB2D /* Demo.storyboard in Resources */ = {isa = PBXBuildFile; fileRef = C288F0B5265F36DF00AABB2D /* Demo.storyboard */; };
		C288F0CC265F36DF00AABB2D /* Demo-TableViewCellVC.m in Sources */ = {isa = PBXBuildFile; fileRef = C288F0B7265F36DF00AABB2D /* Demo-TableViewCellVC.m */; };
		C288F0CD265F36DF00AABB2D /* Demo_TableView.storyboard in Resources */ = {isa = PBXBuildFile; fileRef = C288F0B9265F36DF00AABB2D /* Demo_TableView.storyboard */; };
		C288F0CE265F36DF00AABB2D /* Demo-LayoutByMasonryVC.m in Sources */ = {isa = PBXBuildFile; fileRef = C288F0BB265F36DF00AABB2D /* Demo-LayoutByMasonryVC.m */; };
		D9F610E7D78616B97D435E31 /* Pods_YFDropdownMenu_Example.framework in Frameworks */ = {isa = PBXBuildFile; fileRef = 9BB3B16B02F2342EE1759C65 /* Pods_YFDropdownMenu_Example.framework */; };
/* End PBXBuildFile section */

/* Begin PBXContainerItemProxy section */
		6003F5B3195388D20070C39A /* PBXContainerItemProxy */ = {
			isa = PBXContainerItemProxy;
			containerPortal = 6003F582195388D10070C39A /* Project object */;
			proxyType = 1;
			remoteGlobalIDString = 6003F589195388D20070C39A;
			remoteInfo = YFDropdownMenu;
		};
/* End PBXContainerItemProxy section */

/* Begin PBXFileReference section */
		22071D49B41138243EA89D4E /* Pods-YFDropdownMenu_Tests.debug.xcconfig */ = {isa = PBXFileReference; includeInIndex = 1; lastKnownFileType = text.xcconfig; name = "Pods-YFDropdownMenu_Tests.debug.xcconfig"; path = "Target Support Files/Pods-YFDropdownMenu_Tests/Pods-YFDropdownMenu_Tests.debug.xcconfig"; sourceTree = "<group>"; };
		6003F58A195388D20070C39A /* YFDropdownMenu_Example.app */ = {isa = PBXFileReference; explicitFileType = wrapper.application; includeInIndex = 0; path = YFDropdownMenu_Example.app; sourceTree = BUILT_PRODUCTS_DIR; };
		6003F58D195388D20070C39A /* Foundation.framework */ = {isa = PBXFileReference; lastKnownFileType = wrapper.framework; name = Foundation.framework; path = System/Library/Frameworks/Foundation.framework; sourceTree = SDKROOT; };
		6003F58F195388D20070C39A /* CoreGraphics.framework */ = {isa = PBXFileReference; lastKnownFileType = wrapper.framework; name = CoreGraphics.framework; path = System/Library/Frameworks/CoreGraphics.framework; sourceTree = SDKROOT; };
		6003F591195388D20070C39A /* UIKit.framework */ = {isa = PBXFileReference; lastKnownFileType = wrapper.framework; name = UIKit.framework; path = System/Library/Frameworks/UIKit.framework; sourceTree = SDKROOT; };
		6003F595195388D20070C39A /* YFDropdownMenu-Info.plist */ = {isa = PBXFileReference; lastKnownFileType = text.plist.xml; path = "YFDropdownMenu-Info.plist"; sourceTree = "<group>"; };
		6003F597195388D20070C39A /* en */ = {isa = PBXFileReference; lastKnownFileType = text.plist.strings; name = en; path = en.lproj/InfoPlist.strings; sourceTree = "<group>"; };
		6003F599195388D20070C39A /* main.m */ = {isa = PBXFileReference; lastKnownFileType = sourcecode.c.objc; path = main.m; sourceTree = "<group>"; };
		6003F59B195388D20070C39A /* YFDropdownMenu-Prefix.pch */ = {isa = PBXFileReference; lastKnownFileType = sourcecode.c.h; path = "YFDropdownMenu-Prefix.pch"; sourceTree = "<group>"; };
		6003F59C195388D20070C39A /* YFAppDelegate.h */ = {isa = PBXFileReference; lastKnownFileType = sourcecode.c.h; path = YFAppDelegate.h; sourceTree = "<group>"; };
		6003F59D195388D20070C39A /* YFAppDelegate.m */ = {isa = PBXFileReference; lastKnownFileType = sourcecode.c.objc; path = YFAppDelegate.m; sourceTree = "<group>"; };
		6003F5A5195388D20070C39A /* YFViewController.h */ = {isa = PBXFileReference; lastKnownFileType = sourcecode.c.h; path = YFViewController.h; sourceTree = "<group>"; };
		6003F5A6195388D20070C39A /* YFViewController.m */ = {isa = PBXFileReference; lastKnownFileType = sourcecode.c.objc; path = YFViewController.m; sourceTree = "<group>"; };
		6003F5A8195388D20070C39A /* Images.xcassets */ = {isa = PBXFileReference; lastKnownFileType = folder.assetcatalog; path = Images.xcassets; sourceTree = "<group>"; };
		6003F5AE195388D20070C39A /* YFDropdownMenu_Tests.xctest */ = {isa = PBXFileReference; explicitFileType = wrapper.cfbundle; includeInIndex = 0; path = YFDropdownMenu_Tests.xctest; sourceTree = BUILT_PRODUCTS_DIR; };
		6003F5AF195388D20070C39A /* XCTest.framework */ = {isa = PBXFileReference; lastKnownFileType = wrapper.framework; name = XCTest.framework; path = Library/Frameworks/XCTest.framework; sourceTree = DEVELOPER_DIR; };
		6003F5B7195388D20070C39A /* Tests-Info.plist */ = {isa = PBXFileReference; lastKnownFileType = text.plist.xml; path = "Tests-Info.plist"; sourceTree = "<group>"; };
		6003F5B9195388D20070C39A /* en */ = {isa = PBXFileReference; lastKnownFileType = text.plist.strings; name = en; path = en.lproj/InfoPlist.strings; sourceTree = "<group>"; };
		6003F5BB195388D20070C39A /* Tests.m */ = {isa = PBXFileReference; lastKnownFileType = sourcecode.c.objc; path = Tests.m; sourceTree = "<group>"; };
		606FC2411953D9B200FFA9A0 /* Tests-Prefix.pch */ = {isa = PBXFileReference; lastKnownFileType = sourcecode.c.h; path = "Tests-Prefix.pch"; sourceTree = "<group>"; };
		65CF63202E643878B727056F /* YFDropdownMenu.podspec */ = {isa = PBXFileReference; includeInIndex = 1; lastKnownFileType = text; name = YFDropdownMenu.podspec; path = ../YFDropdownMenu.podspec; sourceTree = "<group>"; xcLanguageSpecificationIdentifier = xcode.lang.ruby; };
		6D78294D4B6F735D863E6B91 /* Pods-YFDropdownMenu_Example.debug.xcconfig */ = {isa = PBXFileReference; includeInIndex = 1; lastKnownFileType = text.xcconfig; name = "Pods-YFDropdownMenu_Example.debug.xcconfig"; path = "Target Support Files/Pods-YFDropdownMenu_Example/Pods-YFDropdownMenu_Example.debug.xcconfig"; sourceTree = "<group>"; };
		71719F9E1E33DC2100824A3D /* Base */ = {isa = PBXFileReference; lastKnownFileType = file.storyboard; name = Base; path = Base.lproj/LaunchScreen.storyboard; sourceTree = "<group>"; };
		80826CC9E72F75C3169E59EA /* Pods-YFDropdownMenu_Example.release.xcconfig */ = {isa = PBXFileReference; includeInIndex = 1; lastKnownFileType = text.xcconfig; name = "Pods-YFDropdownMenu_Example.release.xcconfig"; path = "Target Support Files/Pods-YFDropdownMenu_Example/Pods-YFDropdownMenu_Example.release.xcconfig"; sourceTree = "<group>"; };
		847F7E4AF88B68D95D5782B0 /* LICENSE */ = {isa = PBXFileReference; includeInIndex = 1; lastKnownFileType = text; name = LICENSE; path = ../LICENSE; sourceTree = "<group>"; };
		9BB3B16B02F2342EE1759C65 /* Pods_YFDropdownMenu_Example.framework */ = {isa = PBXFileReference; explicitFileType = wrapper.framework; includeInIndex = 0; path = Pods_YFDropdownMenu_Example.framework; sourceTree = BUILT_PRODUCTS_DIR; };
		AA0D9D7AAD2F675363BFECCF /* README.md */ = {isa = PBXFileReference; includeInIndex = 1; lastKnownFileType = net.daringfireball.markdown; name = README.md; path = ../README.md; sourceTree = "<group>"; };
		BF729CF21C8E94FC940ABBA8 /* Pods_YFDropdownMenu_Tests.framework */ = {isa = PBXFileReference; explicitFileType = wrapper.framework; includeInIndex = 0; path = Pods_YFDropdownMenu_Tests.framework; sourceTree = BUILT_PRODUCTS_DIR; };
		C005BA5AEBC4458872BA9AC9 /* Pods-YFDropdownMenu_Tests.release.xcconfig */ = {isa = PBXFileReference; includeInIndex = 1; lastKnownFileType = text.xcconfig; name = "Pods-YFDropdownMenu_Tests.release.xcconfig"; path = "Target Support Files/Pods-YFDropdownMenu_Tests/Pods-YFDropdownMenu_Tests.release.xcconfig"; sourceTree = "<group>"; };
		C288F08C265F36D600AABB2D /* Main.storyboard */ = {isa = PBXFileReference; fileEncoding = 4; lastKnownFileType = file.storyboard; path = Main.storyboard; sourceTree = "<group>"; };
		C288F091265F36DE00AABB2D /* MASCompositeConstraint.h */ = {isa = PBXFileReference; fileEncoding = 4; lastKnownFileType = sourcecode.c.h; path = MASCompositeConstraint.h; sourceTree = "<group>"; };
		C288F092265F36DE00AABB2D /* NSLayoutConstraint+MASDebugAdditions.m */ = {isa = PBXFileReference; fileEncoding = 4; lastKnownFileType = sourcecode.c.objc; path = "NSLayoutConstraint+MASDebugAdditions.m"; sourceTree = "<group>"; };
		C288F093265F36DE00AABB2D /* MASConstraint+Private.h */ = {isa = PBXFileReference; fileEncoding = 4; lastKnownFileType = sourcecode.c.h; path = "MASConstraint+Private.h"; sourceTree = "<group>"; };
		C288F094265F36DE00AABB2D /* MASLayoutConstraint.h */ = {isa = PBXFileReference; fileEncoding = 4; lastKnownFileType = sourcecode.c.h; path = MASLayoutConstraint.h; sourceTree = "<group>"; };
		C288F095265F36DE00AABB2D /* NSArray+MASShorthandAdditions.h */ = {isa = PBXFileReference; fileEncoding = 4; lastKnownFileType = sourcecode.c.h; path = "NSArray+MASShorthandAdditions.h"; sourceTree = "<group>"; };
		C288F096265F36DE00AABB2D /* MASConstraintMaker.h */ = {isa = PBXFileReference; fileEncoding = 4; lastKnownFileType = sourcecode.c.h; path = MASConstraintMaker.h; sourceTree = "<group>"; };
		C288F097265F36DE00AABB2D /* View+MASAdditions.h */ = {isa = PBXFileReference; fileEncoding = 4; lastKnownFileType = sourcecode.c.h; path = "View+MASAdditions.h"; sourceTree = "<group>"; };
		C288F098265F36DE00AABB2D /* NSArray+MASAdditions.h */ = {isa = PBXFileReference; fileEncoding = 4; lastKnownFileType = sourcecode.c.h; path = "NSArray+MASAdditions.h"; sourceTree = "<group>"; };
		C288F099265F36DE00AABB2D /* MASUtilities.h */ = {isa = PBXFileReference; fileEncoding = 4; lastKnownFileType = sourcecode.c.h; path = MASUtilities.h; sourceTree = "<group>"; };
		C288F09A265F36DE00AABB2D /* MASViewAttribute.h */ = {isa = PBXFileReference; fileEncoding = 4; lastKnownFileType = sourcecode.c.h; path = MASViewAttribute.h; sourceTree = "<group>"; };
		C288F09B265F36DE00AABB2D /* ViewController+MASAdditions.m */ = {isa = PBXFileReference; fileEncoding = 4; lastKnownFileType = sourcecode.c.objc; path = "ViewController+MASAdditions.m"; sourceTree = "<group>"; };
		C288F09C265F36DE00AABB2D /* MASViewConstraint.h */ = {isa = PBXFileReference; fileEncoding = 4; lastKnownFileType = sourcecode.c.h; path = MASViewConstraint.h; sourceTree = "<group>"; };
		C288F09D265F36DE00AABB2D /* MASConstraint.h */ = {isa = PBXFileReference; fileEncoding = 4; lastKnownFileType = sourcecode.c.h; path = MASConstraint.h; sourceTree = "<group>"; };
		C288F09E265F36DE00AABB2D /* NSLayoutConstraint+MASDebugAdditions.h */ = {isa = PBXFileReference; fileEncoding = 4; lastKnownFileType = sourcecode.c.h; path = "NSLayoutConstraint+MASDebugAdditions.h"; sourceTree = "<group>"; };
		C288F09F265F36DE00AABB2D /* MASCompositeConstraint.m */ = {isa = PBXFileReference; fileEncoding = 4; lastKnownFileType = sourcecode.c.objc; path = MASCompositeConstraint.m; sourceTree = "<group>"; };
		C288F0A0265F36DE00AABB2D /* MASConstraintMaker.m */ = {isa = PBXFileReference; fileEncoding = 4; lastKnownFileType = sourcecode.c.objc; path = MASConstraintMaker.m; sourceTree = "<group>"; };
		C288F0A1265F36DE00AABB2D /* MASLayoutConstraint.m */ = {isa = PBXFileReference; fileEncoding = 4; lastKnownFileType = sourcecode.c.objc; path = MASLayoutConstraint.m; sourceTree = "<group>"; };
		C288F0A2265F36DE00AABB2D /* NSArray+MASAdditions.m */ = {isa = PBXFileReference; fileEncoding = 4; lastKnownFileType = sourcecode.c.objc; path = "NSArray+MASAdditions.m"; sourceTree = "<group>"; };
		C288F0A3265F36DE00AABB2D /* View+MASAdditions.m */ = {isa = PBXFileReference; fileEncoding = 4; lastKnownFileType = sourcecode.c.objc; path = "View+MASAdditions.m"; sourceTree = "<group>"; };
		C288F0A4265F36DE00AABB2D /* View+MASShorthandAdditions.h */ = {isa = PBXFileReference; fileEncoding = 4; lastKnownFileType = sourcecode.c.h; path = "View+MASShorthandAdditions.h"; sourceTree = "<group>"; };
		C288F0A5265F36DE00AABB2D /* Masonry.h */ = {isa = PBXFileReference; fileEncoding = 4; lastKnownFileType = sourcecode.c.h; path = Masonry.h; sourceTree = "<group>"; };
		C288F0A6265F36DE00AABB2D /* MASConstraint.m */ = {isa = PBXFileReference; fileEncoding = 4; lastKnownFileType = sourcecode.c.objc; path = MASConstraint.m; sourceTree = "<group>"; };
		C288F0A7265F36DE00AABB2D /* ViewController+MASAdditions.h */ = {isa = PBXFileReference; fileEncoding = 4; lastKnownFileType = sourcecode.c.h; path = "ViewController+MASAdditions.h"; sourceTree = "<group>"; };
		C288F0A8265F36DE00AABB2D /* MASViewConstraint.m */ = {isa = PBXFileReference; fileEncoding = 4; lastKnownFileType = sourcecode.c.objc; path = MASViewConstraint.m; sourceTree = "<group>"; };
		C288F0A9265F36DE00AABB2D /* MASViewAttribute.m */ = {isa = PBXFileReference; fileEncoding = 4; lastKnownFileType = sourcecode.c.objc; path = MASViewAttribute.m; sourceTree = "<group>"; };
		C288F0AB265F36DF00AABB2D /* AppDelegate.h */ = {isa = PBXFileReference; fileEncoding = 4; lastKnownFileType = sourcecode.c.h; path = AppDelegate.h; sourceTree = "<group>"; };
		C288F0AC265F36DF00AABB2D /* ViewController.m */ = {isa = PBXFileReference; fileEncoding = 4; lastKnownFileType = sourcecode.c.objc; path = ViewController.m; sourceTree = "<group>"; };
		C288F0AD265F36DF00AABB2D /* AppDelegate.m */ = {isa = PBXFileReference; fileEncoding = 4; lastKnownFileType = sourcecode.c.objc; path = AppDelegate.m; sourceTree = "<group>"; };
		C288F0AE265F36DF00AABB2D /* ViewController.h */ = {isa = PBXFileReference; fileEncoding = 4; lastKnownFileType = sourcecode.c.h; path = ViewController.h; sourceTree = "<group>"; };
		C288F0B0265F36DF00AABB2D /* Demo-BaseVC.m */ = {isa = PBXFileReference; fileEncoding = 4; lastKnownFileType = sourcecode.c.objc; path = "Demo-BaseVC.m"; sourceTree = "<group>"; };
		C288F0B1265F36DF00AABB2D /* Demo-BaseVC.h */ = {isa = PBXFileReference; fileEncoding = 4; lastKnownFileType = sourcecode.c.h; path = "Demo-BaseVC.h"; sourceTree = "<group>"; };
		C288F0B3265F36DF00AABB2D /* Demo-StoryboardVC.h */ = {isa = PBXFileReference; fileEncoding = 4; lastKnownFileType = sourcecode.c.h; path = "Demo-StoryboardVC.h"; sourceTree = "<group>"; };
		C288F0B4265F36DF00AABB2D /* Demo-StoryboardVC.m */ = {isa = PBXFileReference; fileEncoding = 4; lastKnownFileType = sourcecode.c.objc; path = "Demo-StoryboardVC.m"; sourceTree = "<group>"; };
		C288F0B5265F36DF00AABB2D /* Demo.storyboard */ = {isa = PBXFileReference; fileEncoding = 4; lastKnownFileType = file.storyboard; path = Demo.storyboard; sourceTree = "<group>"; };
		C288F0B7265F36DF00AABB2D /* Demo-TableViewCellVC.m */ = {isa = PBXFileReference; fileEncoding = 4; lastKnownFileType = sourcecode.c.objc; path = "Demo-TableViewCellVC.m"; sourceTree = "<group>"; };
		C288F0B8265F36DF00AABB2D /* Demo-TableViewCellVC.h */ = {isa = PBXFileReference; fileEncoding = 4; lastKnownFileType = sourcecode.c.h; path = "Demo-TableViewCellVC.h"; sourceTree = "<group>"; };
		C288F0B9265F36DF00AABB2D /* Demo_TableView.storyboard */ = {isa = PBXFileReference; fileEncoding = 4; lastKnownFileType = file.storyboard; path = Demo_TableView.storyboard; sourceTree = "<group>"; };
		C288F0BB265F36DF00AABB2D /* Demo-LayoutByMasonryVC.m */ = {isa = PBXFileReference; fileEncoding = 4; lastKnownFileType = sourcecode.c.objc; path = "Demo-LayoutByMasonryVC.m"; sourceTree = "<group>"; };
		C288F0BC265F36DF00AABB2D /* Demo-LayoutByMasonryVC.h */ = {isa = PBXFileReference; fileEncoding = 4; lastKnownFileType = sourcecode.c.h; path = "Demo-LayoutByMasonryVC.h"; sourceTree = "<group>"; };
/* End PBXFileReference section */

/* Begin PBXFrameworksBuildPhase section */
		6003F587195388D20070C39A /* Frameworks */ = {
			isa = PBXFrameworksBuildPhase;
			buildActionMask = 2147483647;
			files = (
				6003F590195388D20070C39A /* CoreGraphics.framework in Frameworks */,
				6003F592195388D20070C39A /* UIKit.framework in Frameworks */,
				6003F58E195388D20070C39A /* Foundation.framework in Frameworks */,
				D9F610E7D78616B97D435E31 /* Pods_YFDropdownMenu_Example.framework in Frameworks */,
			);
			runOnlyForDeploymentPostprocessing = 0;
		};
		6003F5AB195388D20070C39A /* Frameworks */ = {
			isa = PBXFrameworksBuildPhase;
			buildActionMask = 2147483647;
			files = (
				6003F5B0195388D20070C39A /* XCTest.framework in Frameworks */,
				6003F5B2195388D20070C39A /* UIKit.framework in Frameworks */,
				6003F5B1195388D20070C39A /* Foundation.framework in Frameworks */,
				5DE8EC489396F48BC3733212 /* Pods_YFDropdownMenu_Tests.framework in Frameworks */,
			);
			runOnlyForDeploymentPostprocessing = 0;
		};
/* End PBXFrameworksBuildPhase section */

/* Begin PBXGroup section */
		05C94B552C72C65690604221 /* Pods */ = {
			isa = PBXGroup;
			children = (
				6D78294D4B6F735D863E6B91 /* Pods-YFDropdownMenu_Example.debug.xcconfig */,
				80826CC9E72F75C3169E59EA /* Pods-YFDropdownMenu_Example.release.xcconfig */,
				22071D49B41138243EA89D4E /* Pods-YFDropdownMenu_Tests.debug.xcconfig */,
				C005BA5AEBC4458872BA9AC9 /* Pods-YFDropdownMenu_Tests.release.xcconfig */,
			);
			path = Pods;
			sourceTree = "<group>";
		};
		6003F581195388D10070C39A = {
			isa = PBXGroup;
			children = (
				60FF7A9C1954A5C5007DD14C /* Podspec Metadata */,
				6003F593195388D20070C39A /* Example for YFDropdownMenu */,
				6003F5B5195388D20070C39A /* Tests */,
				6003F58C195388D20070C39A /* Frameworks */,
				6003F58B195388D20070C39A /* Products */,
				05C94B552C72C65690604221 /* Pods */,
			);
			sourceTree = "<group>";
		};
		6003F58B195388D20070C39A /* Products */ = {
			isa = PBXGroup;
			children = (
				6003F58A195388D20070C39A /* YFDropdownMenu_Example.app */,
				6003F5AE195388D20070C39A /* YFDropdownMenu_Tests.xctest */,
			);
			name = Products;
			sourceTree = "<group>";
		};
		6003F58C195388D20070C39A /* Frameworks */ = {
			isa = PBXGroup;
			children = (
				6003F58D195388D20070C39A /* Foundation.framework */,
				6003F58F195388D20070C39A /* CoreGraphics.framework */,
				6003F591195388D20070C39A /* UIKit.framework */,
				6003F5AF195388D20070C39A /* XCTest.framework */,
				9BB3B16B02F2342EE1759C65 /* Pods_YFDropdownMenu_Example.framework */,
				BF729CF21C8E94FC940ABBA8 /* Pods_YFDropdownMenu_Tests.framework */,
			);
			name = Frameworks;
			sourceTree = "<group>";
		};
		6003F593195388D20070C39A /* Example for YFDropdownMenu */ = {
			isa = PBXGroup;
			children = (
				C288F0AA265F36DF00AABB2D /* AppDelegateAndRootVC */,
				C288F0AF265F36DF00AABB2D /* Demo-Base */,
				C288F0BA265F36DF00AABB2D /* Demo-Masonry */,
				C288F0B2265F36DF00AABB2D /* Demo-Storyboard */,
				C288F0B6265F36DF00AABB2D /* Demo-UITableViewCell */,
				C288F090265F36DE00AABB2D /* Masonry-1-1-0 */,
				6003F59C195388D20070C39A /* YFAppDelegate.h */,
				6003F59D195388D20070C39A /* YFAppDelegate.m */,
				6003F5A5195388D20070C39A /* YFViewController.h */,
				6003F5A6195388D20070C39A /* YFViewController.m */,
				C288F08C265F36D600AABB2D /* Main.storyboard */,
				71719F9D1E33DC2100824A3D /* LaunchScreen.storyboard */,
				6003F5A8195388D20070C39A /* Images.xcassets */,
				6003F594195388D20070C39A /* Supporting Files */,
			);
			name = "Example for YFDropdownMenu";
			path = YFDropdownMenu;
			sourceTree = "<group>";
		};
		6003F594195388D20070C39A /* Supporting Files */ = {
			isa = PBXGroup;
			children = (
				6003F595195388D20070C39A /* YFDropdownMenu-Info.plist */,
				6003F596195388D20070C39A /* InfoPlist.strings */,
				6003F599195388D20070C39A /* main.m */,
				6003F59B195388D20070C39A /* YFDropdownMenu-Prefix.pch */,
			);
			name = "Supporting Files";
			sourceTree = "<group>";
		};
		6003F5B5195388D20070C39A /* Tests */ = {
			isa = PBXGroup;
			children = (
				6003F5BB195388D20070C39A /* Tests.m */,
				6003F5B6195388D20070C39A /* Supporting Files */,
			);
			path = Tests;
			sourceTree = "<group>";
		};
		6003F5B6195388D20070C39A /* Supporting Files */ = {
			isa = PBXGroup;
			children = (
				6003F5B7195388D20070C39A /* Tests-Info.plist */,
				6003F5B8195388D20070C39A /* InfoPlist.strings */,
				606FC2411953D9B200FFA9A0 /* Tests-Prefix.pch */,
			);
			name = "Supporting Files";
			sourceTree = "<group>";
		};
		60FF7A9C1954A5C5007DD14C /* Podspec Metadata */ = {
			isa = PBXGroup;
			children = (
				65CF63202E643878B727056F /* YFDropdownMenu.podspec */,
				AA0D9D7AAD2F675363BFECCF /* README.md */,
				847F7E4AF88B68D95D5782B0 /* LICENSE */,
			);
			name = "Podspec Metadata";
			sourceTree = "<group>";
		};
		C288F090265F36DE00AABB2D /* Masonry-1-1-0 */ = {
			isa = PBXGroup;
			children = (
				C288F091265F36DE00AABB2D /* MASCompositeConstraint.h */,
				C288F09F265F36DE00AABB2D /* MASCompositeConstraint.m */,
				C288F09D265F36DE00AABB2D /* MASConstraint.h */,
				C288F0A6265F36DE00AABB2D /* MASConstraint.m */,
				C288F093265F36DE00AABB2D /* MASConstraint+Private.h */,
				C288F096265F36DE00AABB2D /* MASConstraintMaker.h */,
				C288F0A0265F36DE00AABB2D /* MASConstraintMaker.m */,
				C288F094265F36DE00AABB2D /* MASLayoutConstraint.h */,
				C288F0A1265F36DE00AABB2D /* MASLayoutConstraint.m */,
				C288F0A5265F36DE00AABB2D /* Masonry.h */,
				C288F099265F36DE00AABB2D /* MASUtilities.h */,
				C288F09A265F36DE00AABB2D /* MASViewAttribute.h */,
				C288F0A9265F36DE00AABB2D /* MASViewAttribute.m */,
				C288F09C265F36DE00AABB2D /* MASViewConstraint.h */,
				C288F0A8265F36DE00AABB2D /* MASViewConstraint.m */,
				C288F098265F36DE00AABB2D /* NSArray+MASAdditions.h */,
				C288F0A2265F36DE00AABB2D /* NSArray+MASAdditions.m */,
				C288F095265F36DE00AABB2D /* NSArray+MASShorthandAdditions.h */,
				C288F09E265F36DE00AABB2D /* NSLayoutConstraint+MASDebugAdditions.h */,
				C288F092265F36DE00AABB2D /* NSLayoutConstraint+MASDebugAdditions.m */,
				C288F097265F36DE00AABB2D /* View+MASAdditions.h */,
				C288F0A3265F36DE00AABB2D /* View+MASAdditions.m */,
				C288F0A4265F36DE00AABB2D /* View+MASShorthandAdditions.h */,
				C288F0A7265F36DE00AABB2D /* ViewController+MASAdditions.h */,
				C288F09B265F36DE00AABB2D /* ViewController+MASAdditions.m */,
			);
			path = "Masonry-1-1-0";
			sourceTree = "<group>";
		};
		C288F0AA265F36DF00AABB2D /* AppDelegateAndRootVC */ = {
			isa = PBXGroup;
			children = (
				C288F0AB265F36DF00AABB2D /* AppDelegate.h */,
				C288F0AD265F36DF00AABB2D /* AppDelegate.m */,
				C288F0AE265F36DF00AABB2D /* ViewController.h */,
				C288F0AC265F36DF00AABB2D /* ViewController.m */,
			);
			path = AppDelegateAndRootVC;
			sourceTree = "<group>";
		};
		C288F0AF265F36DF00AABB2D /* Demo-Base */ = {
			isa = PBXGroup;
			children = (
				C288F0B0265F36DF00AABB2D /* Demo-BaseVC.m */,
				C288F0B1265F36DF00AABB2D /* Demo-BaseVC.h */,
			);
			path = "Demo-Base";
			sourceTree = "<group>";
		};
		C288F0B2265F36DF00AABB2D /* Demo-Storyboard */ = {
			isa = PBXGroup;
			children = (
				C288F0B3265F36DF00AABB2D /* Demo-StoryboardVC.h */,
				C288F0B4265F36DF00AABB2D /* Demo-StoryboardVC.m */,
				C288F0B5265F36DF00AABB2D /* Demo.storyboard */,
			);
			path = "Demo-Storyboard";
			sourceTree = "<group>";
		};
		C288F0B6265F36DF00AABB2D /* Demo-UITableViewCell */ = {
			isa = PBXGroup;
			children = (
				C288F0B7265F36DF00AABB2D /* Demo-TableViewCellVC.m */,
				C288F0B8265F36DF00AABB2D /* Demo-TableViewCellVC.h */,
				C288F0B9265F36DF00AABB2D /* Demo_TableView.storyboard */,
			);
			path = "Demo-UITableViewCell";
			sourceTree = "<group>";
		};
		C288F0BA265F36DF00AABB2D /* Demo-Masonry */ = {
			isa = PBXGroup;
			children = (
				C288F0BB265F36DF00AABB2D /* Demo-LayoutByMasonryVC.m */,
				C288F0BC265F36DF00AABB2D /* Demo-LayoutByMasonryVC.h */,
			);
			path = "Demo-Masonry";
			sourceTree = "<group>";
		};
/* End PBXGroup section */

/* Begin PBXNativeTarget section */
		6003F589195388D20070C39A /* YFDropdownMenu_Example */ = {
			isa = PBXNativeTarget;
			buildConfigurationList = 6003F5BF195388D20070C39A /* Build configuration list for PBXNativeTarget "YFDropdownMenu_Example" */;
			buildPhases = (
				6CB2C8767AC54A8E0B107308 /* [CP] Check Pods Manifest.lock */,
				6003F586195388D20070C39A /* Sources */,
				6003F587195388D20070C39A /* Frameworks */,
				6003F588195388D20070C39A /* Resources */,
				6FA5DEFF81002A60EE50C402 /* [CP] Embed Pods Frameworks */,
			);
			buildRules = (
			);
			dependencies = (
			);
			name = YFDropdownMenu_Example;
			productName = YFDropdownMenu;
			productReference = 6003F58A195388D20070C39A /* YFDropdownMenu_Example.app */;
			productType = "com.apple.product-type.application";
		};
		6003F5AD195388D20070C39A /* YFDropdownMenu_Tests */ = {
			isa = PBXNativeTarget;
			buildConfigurationList = 6003F5C2195388D20070C39A /* Build configuration list for PBXNativeTarget "YFDropdownMenu_Tests" */;
			buildPhases = (
				E3C817466AA54AE28C911644 /* [CP] Check Pods Manifest.lock */,
				6003F5AA195388D20070C39A /* Sources */,
				6003F5AB195388D20070C39A /* Frameworks */,
				6003F5AC195388D20070C39A /* Resources */,
			);
			buildRules = (
			);
			dependencies = (
				6003F5B4195388D20070C39A /* PBXTargetDependency */,
			);
			name = YFDropdownMenu_Tests;
			productName = YFDropdownMenuTests;
			productReference = 6003F5AE195388D20070C39A /* YFDropdownMenu_Tests.xctest */;
			productType = "com.apple.product-type.bundle.unit-test";
		};
/* End PBXNativeTarget section */

/* Begin PBXProject section */
		6003F582195388D10070C39A /* Project object */ = {
			isa = PBXProject;
			attributes = {
				CLASSPREFIX = YF;
				LastUpgradeCheck = 0720;
				ORGANIZATIONNAME = BigShow1949;
				TargetAttributes = {
					6003F5AD195388D20070C39A = {
						TestTargetID = 6003F589195388D20070C39A;
					};
				};
			};
			buildConfigurationList = 6003F585195388D10070C39A /* Build configuration list for PBXProject "YFDropdownMenu" */;
			compatibilityVersion = "Xcode 3.2";
			developmentRegion = English;
			hasScannedForEncodings = 0;
			knownRegions = (
				English,
				en,
				Base,
			);
			mainGroup = 6003F581195388D10070C39A;
			productRefGroup = 6003F58B195388D20070C39A /* Products */;
			projectDirPath = "";
			projectRoot = "";
			targets = (
				6003F589195388D20070C39A /* YFDropdownMenu_Example */,
				6003F5AD195388D20070C39A /* YFDropdownMenu_Tests */,
			);
		};
/* End PBXProject section */

/* Begin PBXResourcesBuildPhase section */
		6003F588195388D20070C39A /* Resources */ = {
			isa = PBXResourcesBuildPhase;
			buildActionMask = 2147483647;
			files = (
				71719F9F1E33DC2100824A3D /* LaunchScreen.storyboard in Resources */,
				6003F5A9195388D20070C39A /* Images.xcassets in Resources */,
				C288F0CB265F36DF00AABB2D /* Demo.storyboard in Resources */,
				6003F598195388D20070C39A /* InfoPlist.strings in Resources */,
				C288F08D265F36D600AABB2D /* Main.storyboard in Resources */,
				C288F0CD265F36DF00AABB2D /* Demo_TableView.storyboard in Resources */,
			);
			runOnlyForDeploymentPostprocessing = 0;
		};
		6003F5AC195388D20070C39A /* Resources */ = {
			isa = PBXResourcesBuildPhase;
			buildActionMask = 2147483647;
			files = (
				6003F5BA195388D20070C39A /* InfoPlist.strings in Resources */,
			);
			runOnlyForDeploymentPostprocessing = 0;
		};
/* End PBXResourcesBuildPhase section */

/* Begin PBXShellScriptBuildPhase section */
		6CB2C8767AC54A8E0B107308 /* [CP] Check Pods Manifest.lock */ = {
			isa = PBXShellScriptBuildPhase;
			buildActionMask = 2147483647;
			files = (
			);
			inputFileListPaths = (
			);
			inputPaths = (
				"${PODS_PODFILE_DIR_PATH}/Podfile.lock",
				"${PODS_ROOT}/Manifest.lock",
			);
			name = "[CP] Check Pods Manifest.lock";
			outputFileListPaths = (
			);
			outputPaths = (
				"$(DERIVED_FILE_DIR)/Pods-YFDropdownMenu_Example-checkManifestLockResult.txt",
			);
			runOnlyForDeploymentPostprocessing = 0;
			shellPath = /bin/sh;
			shellScript = "diff \"${PODS_PODFILE_DIR_PATH}/Podfile.lock\" \"${PODS_ROOT}/Manifest.lock\" > /dev/null\nif [ $? != 0 ] ; then\n    # print error to STDERR\n    echo \"error: The sandbox is not in sync with the Podfile.lock. Run 'pod install' or update your CocoaPods installation.\" >&2\n    exit 1\nfi\n# This output is used by Xcode 'outputs' to avoid re-running this script phase.\necho \"SUCCESS\" > \"${SCRIPT_OUTPUT_FILE_0}\"\n";
			showEnvVarsInLog = 0;
		};
		6FA5DEFF81002A60EE50C402 /* [CP] Embed Pods Frameworks */ = {
			isa = PBXShellScriptBuildPhase;
			buildActionMask = 2147483647;
			files = (
			);
			inputPaths = (
				"${PODS_ROOT}/Target Support Files/Pods-YFDropdownMenu_Example/Pods-YFDropdownMenu_Example-frameworks.sh",
				"${BUILT_PRODUCTS_DIR}/YFDropdownMenu/YFDropdownMenu.framework",
			);
			name = "[CP] Embed Pods Frameworks";
			outputPaths = (
				"${TARGET_BUILD_DIR}/${FRAMEWORKS_FOLDER_PATH}/YFDropdownMenu.framework",
			);
			runOnlyForDeploymentPostprocessing = 0;
			shellPath = /bin/sh;
			shellScript = "\"${PODS_ROOT}/Target Support Files/Pods-YFDropdownMenu_Example/Pods-YFDropdownMenu_Example-frameworks.sh\"\n";
			showEnvVarsInLog = 0;
		};
		E3C817466AA54AE28C911644 /* [CP] Check Pods Manifest.lock */ = {
			isa = PBXShellScriptBuildPhase;
			buildActionMask = 2147483647;
			files = (
			);
			inputFileListPaths = (
			);
			inputPaths = (
				"${PODS_PODFILE_DIR_PATH}/Podfile.lock",
				"${PODS_ROOT}/Manifest.lock",
			);
			name = "[CP] Check Pods Manifest.lock";
			outputFileListPaths = (
			);
			outputPaths = (
				"$(DERIVED_FILE_DIR)/Pods-YFDropdownMenu_Tests-checkManifestLockResult.txt",
			);
			runOnlyForDeploymentPostprocessing = 0;
			shellPath = /bin/sh;
			shellScript = "diff \"${PODS_PODFILE_DIR_PATH}/Podfile.lock\" \"${PODS_ROOT}/Manifest.lock\" > /dev/null\nif [ $? != 0 ] ; then\n    # print error to STDERR\n    echo \"error: The sandbox is not in sync with the Podfile.lock. Run 'pod install' or update your CocoaPods installation.\" >&2\n    exit 1\nfi\n# This output is used by Xcode 'outputs' to avoid re-running this script phase.\necho \"SUCCESS\" > \"${SCRIPT_OUTPUT_FILE_0}\"\n";
			showEnvVarsInLog = 0;
		};
/* End PBXShellScriptBuildPhase section */

/* Begin PBXSourcesBuildPhase section */
		6003F586195388D20070C39A /* Sources */ = {
			isa = PBXSourcesBuildPhase;
			buildActionMask = 2147483647;
			files = (
				C288F0C7265F36DF00AABB2D /* ViewController.m in Sources */,
				C288F0C0265F36DF00AABB2D /* MASConstraintMaker.m in Sources */,
				6003F59E195388D20070C39A /* YFAppDelegate.m in Sources */,
				C288F0BE265F36DF00AABB2D /* ViewController+MASAdditions.m in Sources */,
				C288F0C5265F36DF00AABB2D /* MASViewConstraint.m in Sources */,
				6003F5A7195388D20070C39A /* YFViewController.m in Sources */,
				C288F0C1265F36DF00AABB2D /* MASLayoutConstraint.m in Sources */,
				C288F0CE265F36DF00AABB2D /* Demo-LayoutByMasonryVC.m in Sources */,
				C288F0C4265F36DF00AABB2D /* MASConstraint.m in Sources */,
				C288F0C2265F36DF00AABB2D /* NSArray+MASAdditions.m in Sources */,
				6003F59A195388D20070C39A /* main.m in Sources */,
				C288F0BF265F36DF00AABB2D /* MASCompositeConstraint.m in Sources */,
				C288F0C3265F36DF00AABB2D /* View+MASAdditions.m in Sources */,
				C288F0BD265F36DF00AABB2D /* NSLayoutConstraint+MASDebugAdditions.m in Sources */,
				C288F0C6265F36DF00AABB2D /* MASViewAttribute.m in Sources */,
				C288F0CA265F36DF00AABB2D /* Demo-StoryboardVC.m in Sources */,
				C288F0C9265F36DF00AABB2D /* Demo-BaseVC.m in Sources */,
				C288F0C8265F36DF00AABB2D /* AppDelegate.m in Sources */,
				C288F0CC265F36DF00AABB2D /* Demo-TableViewCellVC.m in Sources */,
			);
			runOnlyForDeploymentPostprocessing = 0;
		};
		6003F5AA195388D20070C39A /* Sources */ = {
			isa = PBXSourcesBuildPhase;
			buildActionMask = 2147483647;
			files = (
				6003F5BC195388D20070C39A /* Tests.m in Sources */,
			);
			runOnlyForDeploymentPostprocessing = 0;
		};
/* End PBXSourcesBuildPhase section */

/* Begin PBXTargetDependency section */
		6003F5B4195388D20070C39A /* PBXTargetDependency */ = {
			isa = PBXTargetDependency;
			target = 6003F589195388D20070C39A /* YFDropdownMenu_Example */;
			targetProxy = 6003F5B3195388D20070C39A /* PBXContainerItemProxy */;
		};
/* End PBXTargetDependency section */

/* Begin PBXVariantGroup section */
		6003F596195388D20070C39A /* InfoPlist.strings */ = {
			isa = PBXVariantGroup;
			children = (
				6003F597195388D20070C39A /* en */,
			);
			name = InfoPlist.strings;
			sourceTree = "<group>";
		};
		6003F5B8195388D20070C39A /* InfoPlist.strings */ = {
			isa = PBXVariantGroup;
			children = (
				6003F5B9195388D20070C39A /* en */,
			);
			name = InfoPlist.strings;
			sourceTree = "<group>";
		};
		71719F9D1E33DC2100824A3D /* LaunchScreen.storyboard */ = {
			isa = PBXVariantGroup;
			children = (
				71719F9E1E33DC2100824A3D /* Base */,
			);
			name = LaunchScreen.storyboard;
			sourceTree = "<group>";
		};
/* End PBXVariantGroup section */

/* Begin XCBuildConfiguration section */
		6003F5BD195388D20070C39A /* Debug */ = {
			isa = XCBuildConfiguration;
			buildSettings = {
				ALWAYS_SEARCH_USER_PATHS = NO;
				CLANG_CXX_LANGUAGE_STANDARD = "gnu++0x";
				CLANG_CXX_LIBRARY = "libc++";
				CLANG_ENABLE_MODULES = YES;
				CLANG_ENABLE_OBJC_ARC = YES;
				CLANG_WARN_BOOL_CONVERSION = YES;
				CLANG_WARN_CONSTANT_CONVERSION = YES;
				CLANG_WARN_DIRECT_OBJC_ISA_USAGE = YES_ERROR;
				CLANG_WARN_EMPTY_BODY = YES;
				CLANG_WARN_ENUM_CONVERSION = YES;
				CLANG_WARN_INT_CONVERSION = YES;
				CLANG_WARN_OBJC_ROOT_CLASS = YES_ERROR;
				CLANG_WARN__DUPLICATE_METHOD_MATCH = YES;
				"CODE_SIGN_IDENTITY[sdk=iphoneos*]" = "iPhone Developer";
				COPY_PHASE_STRIP = NO;
				ENABLE_TESTABILITY = YES;
				GCC_C_LANGUAGE_STANDARD = gnu99;
				GCC_DYNAMIC_NO_PIC = NO;
				GCC_OPTIMIZATION_LEVEL = 0;
				GCC_PREPROCESSOR_DEFINITIONS = (
					"DEBUG=1",
					"$(inherited)",
				);
				GCC_SYMBOLS_PRIVATE_EXTERN = NO;
				GCC_WARN_64_TO_32_BIT_CONVERSION = YES;
				GCC_WARN_ABOUT_RETURN_TYPE = YES_ERROR;
				GCC_WARN_UNDECLARED_SELECTOR = YES;
				GCC_WARN_UNINITIALIZED_AUTOS = YES_AGGRESSIVE;
				GCC_WARN_UNUSED_FUNCTION = YES;
				GCC_WARN_UNUSED_VARIABLE = YES;
				IPHONEOS_DEPLOYMENT_TARGET = 9.3;
				ONLY_ACTIVE_ARCH = YES;
				SDKROOT = iphoneos;
				TARGETED_DEVICE_FAMILY = "1,2";
			};
			name = Debug;
		};
		6003F5BE195388D20070C39A /* Release */ = {
			isa = XCBuildConfiguration;
			buildSettings = {
				ALWAYS_SEARCH_USER_PATHS = NO;
				CLANG_CXX_LANGUAGE_STANDARD = "gnu++0x";
				CLANG_CXX_LIBRARY = "libc++";
				CLANG_ENABLE_MODULES = YES;
				CLANG_ENABLE_OBJC_ARC = YES;
				CLANG_WARN_BOOL_CONVERSION = YES;
				CLANG_WARN_CONSTANT_CONVERSION = YES;
				CLANG_WARN_DIRECT_OBJC_ISA_USAGE = YES_ERROR;
				CLANG_WARN_EMPTY_BODY = YES;
				CLANG_WARN_ENUM_CONVERSION = YES;
				CLANG_WARN_INT_CONVERSION = YES;
				CLANG_WARN_OBJC_ROOT_CLASS = YES_ERROR;
				CLANG_WARN__DUPLICATE_METHOD_MATCH = YES;
				"CODE_SIGN_IDENTITY[sdk=iphoneos*]" = "iPhone Developer";
				COPY_PHASE_STRIP = YES;
				ENABLE_NS_ASSERTIONS = NO;
				GCC_C_LANGUAGE_STANDARD = gnu99;
				GCC_WARN_64_TO_32_BIT_CONVERSION = YES;
				GCC_WARN_ABOUT_RETURN_TYPE = YES_ERROR;
				GCC_WARN_UNDECLARED_SELECTOR = YES;
				GCC_WARN_UNINITIALIZED_AUTOS = YES_AGGRESSIVE;
				GCC_WARN_UNUSED_FUNCTION = YES;
				GCC_WARN_UNUSED_VARIABLE = YES;
				IPHONEOS_DEPLOYMENT_TARGET = 9.3;
				SDKROOT = iphoneos;
				TARGETED_DEVICE_FAMILY = "1,2";
				VALIDATE_PRODUCT = YES;
			};
			name = Release;
		};
		6003F5C0195388D20070C39A /* Debug */ = {
			isa = XCBuildConfiguration;
			baseConfigurationReference = 6D78294D4B6F735D863E6B91 /* Pods-YFDropdownMenu_Example.debug.xcconfig */;
			buildSettings = {
				ASSETCATALOG_COMPILER_APPICON_NAME = AppIcon;
				GCC_PRECOMPILE_PREFIX_HEADER = YES;
				GCC_PREFIX_HEADER = "YFDropdownMenu/YFDropdownMenu-Prefix.pch";
				INFOPLIST_FILE = "YFDropdownMenu/YFDropdownMenu-Info.plist";
				MODULE_NAME = ExampleApp;
				PRODUCT_BUNDLE_IDENTIFIER = "org.cocoapods.demo.${PRODUCT_NAME:rfc1034identifier}";
				PRODUCT_NAME = "$(TARGET_NAME)";
				SWIFT_VERSION = 4.0;
				WRAPPER_EXTENSION = app;
			};
			name = Debug;
		};
		6003F5C1195388D20070C39A /* Release */ = {
			isa = XCBuildConfiguration;
			baseConfigurationReference = 80826CC9E72F75C3169E59EA /* Pods-YFDropdownMenu_Example.release.xcconfig */;
			buildSettings = {
				ASSETCATALOG_COMPILER_APPICON_NAME = AppIcon;
				GCC_PRECOMPILE_PREFIX_HEADER = YES;
				GCC_PREFIX_HEADER = "YFDropdownMenu/YFDropdownMenu-Prefix.pch";
				INFOPLIST_FILE = "YFDropdownMenu/YFDropdownMenu-Info.plist";
				MODULE_NAME = ExampleApp;
				PRODUCT_BUNDLE_IDENTIFIER = "org.cocoapods.demo.${PRODUCT_NAME:rfc1034identifier}";
				PRODUCT_NAME = "$(TARGET_NAME)";
				SWIFT_VERSION = 4.0;
				WRAPPER_EXTENSION = app;
			};
			name = Release;
		};
		6003F5C3195388D20070C39A /* Debug */ = {
			isa = XCBuildConfiguration;
			baseConfigurationReference = 22071D49B41138243EA89D4E /* Pods-YFDropdownMenu_Tests.debug.xcconfig */;
			buildSettings = {
				BUNDLE_LOADER = "$(TEST_HOST)";
				FRAMEWORK_SEARCH_PATHS = (
					"$(PLATFORM_DIR)/Developer/Library/Frameworks",
					"$(inherited)",
					"$(DEVELOPER_FRAMEWORKS_DIR)",
				);
				GCC_PRECOMPILE_PREFIX_HEADER = YES;
				GCC_PREFIX_HEADER = "Tests/Tests-Prefix.pch";
				GCC_PREPROCESSOR_DEFINITIONS = (
					"DEBUG=1",
					"$(inherited)",
				);
				INFOPLIST_FILE = "Tests/Tests-Info.plist";
				PRODUCT_BUNDLE_IDENTIFIER = "org.cocoapods.demo.${PRODUCT_NAME:rfc1034identifier}";
				PRODUCT_NAME = "$(TARGET_NAME)";
				SWIFT_VERSION = 4.0;
				TEST_HOST = "$(BUILT_PRODUCTS_DIR)/YFDropdownMenu_Example.app/YFDropdownMenu_Example";
				WRAPPER_EXTENSION = xctest;
			};
			name = Debug;
		};
		6003F5C4195388D20070C39A /* Release */ = {
			isa = XCBuildConfiguration;
			baseConfigurationReference = C005BA5AEBC4458872BA9AC9 /* Pods-YFDropdownMenu_Tests.release.xcconfig */;
			buildSettings = {
				BUNDLE_LOADER = "$(TEST_HOST)";
				FRAMEWORK_SEARCH_PATHS = (
					"$(PLATFORM_DIR)/Developer/Library/Frameworks",
					"$(inherited)",
					"$(DEVELOPER_FRAMEWORKS_DIR)",
				);
				GCC_PRECOMPILE_PREFIX_HEADER = YES;
				GCC_PREFIX_HEADER = "Tests/Tests-Prefix.pch";
				INFOPLIST_FILE = "Tests/Tests-Info.plist";
				PRODUCT_BUNDLE_IDENTIFIER = "org.cocoapods.demo.${PRODUCT_NAME:rfc1034identifier}";
				PRODUCT_NAME = "$(TARGET_NAME)";
				SWIFT_VERSION = 4.0;
				TEST_HOST = "$(BUILT_PRODUCTS_DIR)/YFDropdownMenu_Example.app/YFDropdownMenu_Example";
				WRAPPER_EXTENSION = xctest;
			};
			name = Release;
		};
/* End XCBuildConfiguration section */

/* Begin XCConfigurationList section */
		6003F585195388D10070C39A /* Build configuration list for PBXProject "YFDropdownMenu" */ = {
			isa = XCConfigurationList;
			buildConfigurations = (
				6003F5BD195388D20070C39A /* Debug */,
				6003F5BE195388D20070C39A /* Release */,
			);
			defaultConfigurationIsVisible = 0;
			defaultConfigurationName = Release;
		};
		6003F5BF195388D20070C39A /* Build configuration list for PBXNativeTarget "YFDropdownMenu_Example" */ = {
			isa = XCConfigurationList;
			buildConfigurations = (
				6003F5C0195388D20070C39A /* Debug */,
				6003F5C1195388D20070C39A /* Release */,
			);
			defaultConfigurationIsVisible = 0;
			defaultConfigurationName = Release;
		};
		6003F5C2195388D20070C39A /* Build configuration list for PBXNativeTarget "YFDropdownMenu_Tests" */ = {
			isa = XCConfigurationList;
			buildConfigurations = (
				6003F5C3195388D20070C39A /* Debug */,
				6003F5C4195388D20070C39A /* Release */,
			);
			defaultConfigurationIsVisible = 0;
			defaultConfigurationName = Release;
		};
/* End XCConfigurationList section */
	};
	rootObject = 6003F582195388D10070C39A /* Project object */;
}
